
Microsoft Visual Studio Solution File, Format Version 12.00
# Visual Studio Version 17
VisualStudioVersion = 17.8.34004.107
MinimumVisualStudioVersion = 10.0.40219.1
Project("{FAE04EC0-301F-11D3-BF4B-00C04F79EFBC}") = "ConsoleApp4", "ConsoleApp4\ConsoleApp4.csproj", "{826F315E-93B1-4258-BEB4-1645F3B3591F}"
EndProject
Global
	GlobalSection(SolutionConfigurationPlatforms) = preSolution
		Debug|Any CPU = Debug|Any CPU
		Release|Any CPU = Release|Any CPU
	EndGlobalSection
	GlobalSection(ProjectConfigurationPlatforms) = postSolution
		{826F315E-93B1-4258-BEB4-1645F3B3591F}.Debug|Any CPU.ActiveCfg = Debug|Any CPU
		{826F315E-93B1-4258-BEB4-1645F3B3591F}.Debug|Any CPU.Build.0 = Debug|Any CPU
		{826F315E-93B1-4258-BEB4-1645F3B3591F}.Release|Any CPU.ActiveCfg = Release|Any CPU
		{826F315E-93B1-4258-BEB4-1645F3B3591F}.Release|Any CPU.Build.0 = Release|Any CPU
	EndGlobalSection
	GlobalSection(SolutionProperties) = preSolution
		HideSolutionNode = FALSE
	EndGlobalSection
	GlobalSection(ExtensibilityGlobals) = postSolution
		SolutionGuid = {EA5A5789-8079-462E-BE2F-49ACAEC12B71}
	EndGlobalSection
EndGlobal
